// !$*UTF8*$!
{
	archiveVersion = 1;
	classes = {
	};
	objectVersion = 51;
	objects = {

/* Begin PBXBuildFile section */
		0DA014C9355237C6EEE3A256 /* Pods_AFNetworkInterpret.framework in Frameworks */ = {isa = PBXBuildFile; fileRef = 613843C6D8E4ACCD29218F8F /* Pods_AFNetworkInterpret.framework */; };
		6E77A070247E578400C7A2CB /* LICENSE in Resources */ = {isa = PBXBuildFile; fileRef = 6E779FE1247E578400C7A2CB /* LICENSE */; };
		6E77A071247E578400C7A2CB /* README.md in Resources */ = {isa = PBXBuildFile; fileRef = 6E779FE2247E578400C7A2CB /* README.md */; };
		6E77A072247E578400C7A2CB /* SDImageHEICCoder.m in Sources */ = {isa = PBXBuildFile; fileRef = 6E779FE6247E578400C7A2CB /* SDImageHEICCoder.m */; };
		6E77A073247E578400C7A2CB /* NSImage+Compatibility.m in Sources */ = {isa = PBXBuildFile; fileRef = 6E779FE8247E578400C7A2CB /* NSImage+Compatibility.m */; };
		6E77A074247E578400C7A2CB /* SDAnimatedImageView+WebCache.m in Sources */ = {isa = PBXBuildFile; fileRef = 6E779FEA247E578400C7A2CB /* SDAnimatedImageView+WebCache.m */; };
		6E77A075247E578400C7A2CB /* SDImageCoder.m in Sources */ = {isa = PBXBuildFile; fileRef = 6E779FEC247E578400C7A2CB /* SDImageCoder.m */; };
		6E77A076247E578400C7A2CB /* SDWebImageDownloaderDecryptor.m in Sources */ = {isa = PBXBuildFile; fileRef = 6E779FF1247E578400C7A2CB /* SDWebImageDownloaderDecryptor.m */; };
		6E77A077247E578400C7A2CB /* SDWebImageManager.m in Sources */ = {isa = PBXBuildFile; fileRef = 6E779FF5247E578400C7A2CB /* SDWebImageManager.m */; };
		6E77A078247E578400C7A2CB /* SDImageIOAnimatedCoder.m in Sources */ = {isa = PBXBuildFile; fileRef = 6E779FF7247E578400C7A2CB /* SDImageIOAnimatedCoder.m */; };
		6E77A079247E578400C7A2CB /* UIImageView+HighlightedWebCache.m in Sources */ = {isa = PBXBuildFile; fileRef = 6E779FF9247E578400C7A2CB /* UIImageView+HighlightedWebCache.m */; };
		6E77A07A247E578400C7A2CB /* SDAnimatedImage.m in Sources */ = {isa = PBXBuildFile; fileRef = 6E779FFE247E578400C7A2CB /* SDAnimatedImage.m */; };
		6E77A07B247E578400C7A2CB /* SDAnimatedImageView.m in Sources */ = {isa = PBXBuildFile; fileRef = 6E779FFF247E578400C7A2CB /* SDAnimatedImageView.m */; };
		6E77A07C247E578400C7A2CB /* UIImage+ForceDecode.m in Sources */ = {isa = PBXBuildFile; fileRef = 6E77A000247E578400C7A2CB /* UIImage+ForceDecode.m */; };
		6E77A07D247E578400C7A2CB /* SDAnimatedImagePlayer.m in Sources */ = {isa = PBXBuildFile; fileRef = 6E77A003247E578400C7A2CB /* SDAnimatedImagePlayer.m */; };
		6E77A07E247E578400C7A2CB /* UIImage+Transform.m in Sources */ = {isa = PBXBuildFile; fileRef = 6E77A004247E578400C7A2CB /* UIImage+Transform.m */; };
		6E77A07F247E578400C7A2CB /* SDWebImageDownloader.m in Sources */ = {isa = PBXBuildFile; fileRef = 6E77A006247E578400C7A2CB /* SDWebImageDownloader.m */; };
		6E77A080247E578400C7A2CB /* SDImageLoader.m in Sources */ = {isa = PBXBuildFile; fileRef = 6E77A008247E578400C7A2CB /* SDImageLoader.m */; };
		6E77A081247E578400C7A2CB /* SDWebImageCacheSerializer.m in Sources */ = {isa = PBXBuildFile; fileRef = 6E77A009247E578400C7A2CB /* SDWebImageCacheSerializer.m */; };
		6E77A082247E578400C7A2CB /* SDWebImageIndicator.m in Sources */ = {isa = PBXBuildFile; fileRef = 6E77A00A247E578400C7A2CB /* SDWebImageIndicator.m */; };
		6E77A083247E578400C7A2CB /* SDGraphicsImageRenderer.m in Sources */ = {isa = PBXBuildFile; fileRef = 6E77A00B247E578400C7A2CB /* SDGraphicsImageRenderer.m */; };
		6E77A084247E578400C7A2CB /* UIImage+GIF.m in Sources */ = {isa = PBXBuildFile; fileRef = 6E77A00C247E578400C7A2CB /* UIImage+GIF.m */; };
		6E77A085247E578400C7A2CB /* SDImageCodersManager.m in Sources */ = {isa = PBXBuildFile; fileRef = 6E77A00D247E578400C7A2CB /* SDImageCodersManager.m */; };
		6E77A086247E578400C7A2CB /* UIImage+MultiFormat.m in Sources */ = {isa = PBXBuildFile; fileRef = 6E77A010247E578400C7A2CB /* UIImage+MultiFormat.m */; };
		6E77A087247E578400C7A2CB /* SDMemoryCache.m in Sources */ = {isa = PBXBuildFile; fileRef = 6E77A011247E578400C7A2CB /* SDMemoryCache.m */; };
		6E77A088247E578400C7A2CB /* SDWebImageCompat.m in Sources */ = {isa = PBXBuildFile; fileRef = 6E77A013247E578400C7A2CB /* SDWebImageCompat.m */; };
		6E77A089247E578400C7A2CB /* SDImageAPNGCoder.m in Sources */ = {isa = PBXBuildFile; fileRef = 6E77A014247E578400C7A2CB /* SDImageAPNGCoder.m */; };
		6E77A08A247E578400C7A2CB /* SDWebImageDownloaderResponseModifier.m in Sources */ = {isa = PBXBuildFile; fileRef = 6E77A015247E578400C7A2CB /* SDWebImageDownloaderResponseModifier.m */; };
		6E77A08B247E578400C7A2CB /* SDWebImageError.m in Sources */ = {isa = PBXBuildFile; fileRef = 6E77A016247E578400C7A2CB /* SDWebImageError.m */; };
		6E77A08C247E578400C7A2CB /* SDWebImagePrefetcher.m in Sources */ = {isa = PBXBuildFile; fileRef = 6E77A017247E578400C7A2CB /* SDWebImagePrefetcher.m */; };
		6E77A08D247E578400C7A2CB /* SDImageCoderHelper.m in Sources */ = {isa = PBXBuildFile; fileRef = 6E77A018247E578400C7A2CB /* SDImageCoderHelper.m */; };
		6E77A08E247E578400C7A2CB /* NSButton+WebCache.m in Sources */ = {isa = PBXBuildFile; fileRef = 6E77A01D247E578400C7A2CB /* NSButton+WebCache.m */; };
		6E77A08F247E578400C7A2CB /* SDImageIOCoder.m in Sources */ = {isa = PBXBuildFile; fileRef = 6E77A01F247E578400C7A2CB /* SDImageIOCoder.m */; };
		6E77A090247E578400C7A2CB /* SDDiskCache.m in Sources */ = {isa = PBXBuildFile; fileRef = 6E77A021247E578400C7A2CB /* SDDiskCache.m */; };
		6E77A091247E578400C7A2CB /* SDAnimatedImageRep.m in Sources */ = {isa = PBXBuildFile; fileRef = 6E77A023247E578400C7A2CB /* SDAnimatedImageRep.m */; };
		6E77A092247E578400C7A2CB /* UIImage+ExtendedCacheData.m in Sources */ = {isa = PBXBuildFile; fileRef = 6E77A025247E578400C7A2CB /* UIImage+ExtendedCacheData.m */; };
		6E77A093247E578400C7A2CB /* SDWebImageDownloaderConfig.m in Sources */ = {isa = PBXBuildFile; fileRef = 6E77A027247E578400C7A2CB /* SDWebImageDownloaderConfig.m */; };
		6E77A094247E578400C7A2CB /* SDImageCache.m in Sources */ = {isa = PBXBuildFile; fileRef = 6E77A029247E578400C7A2CB /* SDImageCache.m */; };
		6E77A095247E578400C7A2CB /* SDImageGIFCoder.m in Sources */ = {isa = PBXBuildFile; fileRef = 6E77A02A247E578400C7A2CB /* SDImageGIFCoder.m */; };
		6E77A096247E578400C7A2CB /* SDImageFrame.m in Sources */ = {isa = PBXBuildFile; fileRef = 6E77A02C247E578400C7A2CB /* SDImageFrame.m */; };
		6E77A097247E578400C7A2CB /* SDWebImageDownloaderOperation.m in Sources */ = {isa = PBXBuildFile; fileRef = 6E77A02D247E578400C7A2CB /* SDWebImageDownloaderOperation.m */; };
		6E77A098247E578400C7A2CB /* SDImageLoadersManager.m in Sources */ = {isa = PBXBuildFile; fileRef = 6E77A02F247E578400C7A2CB /* SDImageLoadersManager.m */; };
		6E77A099247E578400C7A2CB /* SDImageCachesManager.m in Sources */ = {isa = PBXBuildFile; fileRef = 6E77A030247E578400C7A2CB /* SDImageCachesManager.m */; };
		6E77A09A247E578400C7A2CB /* SDWebImageTransition.m in Sources */ = {isa = PBXBuildFile; fileRef = 6E77A031247E578400C7A2CB /* SDWebImageTransition.m */; };
		6E77A09B247E578400C7A2CB /* SDImageTransformer.m in Sources */ = {isa = PBXBuildFile; fileRef = 6E77A033247E578400C7A2CB /* SDImageTransformer.m */; };
		6E77A09C247E578400C7A2CB /* NSData+ImageContentType.m in Sources */ = {isa = PBXBuildFile; fileRef = 6E77A034247E578400C7A2CB /* NSData+ImageContentType.m */; };
		6E77A09D247E578400C7A2CB /* UIImageView+WebCache.m in Sources */ = {isa = PBXBuildFile; fileRef = 6E77A035247E578400C7A2CB /* UIImageView+WebCache.m */; };
		6E77A09E247E578400C7A2CB /* SDImageGraphics.m in Sources */ = {isa = PBXBuildFile; fileRef = 6E77A038247E578400C7A2CB /* SDImageGraphics.m */; };
		6E77A09F247E578400C7A2CB /* SDImageCacheDefine.m in Sources */ = {isa = PBXBuildFile; fileRef = 6E77A03D247E578400C7A2CB /* SDImageCacheDefine.m */; };
		6E77A0A0247E578400C7A2CB /* UIImage+MemoryCacheCost.m in Sources */ = {isa = PBXBuildFile; fileRef = 6E77A03F247E578400C7A2CB /* UIImage+MemoryCacheCost.m */; };
		6E77A0A1247E578400C7A2CB /* SDImageCacheConfig.m in Sources */ = {isa = PBXBuildFile; fileRef = 6E77A042247E578400C7A2CB /* SDImageCacheConfig.m */; };
		6E77A0A2247E578400C7A2CB /* SDWebImageCacheKeyFilter.m in Sources */ = {isa = PBXBuildFile; fileRef = 6E77A043247E578400C7A2CB /* SDWebImageCacheKeyFilter.m */; };
		6E77A0A3247E578400C7A2CB /* SDWebImageDefine.m in Sources */ = {isa = PBXBuildFile; fileRef = 6E77A045247E578400C7A2CB /* SDWebImageDefine.m */; };
		6E77A0A4247E578400C7A2CB /* SDWebImageOptionsProcessor.m in Sources */ = {isa = PBXBuildFile; fileRef = 6E77A047247E578400C7A2CB /* SDWebImageOptionsProcessor.m */; };
		6E77A0A5247E578400C7A2CB /* UIView+WebCacheOperation.m in Sources */ = {isa = PBXBuildFile; fileRef = 6E77A048247E578400C7A2CB /* UIView+WebCacheOperation.m */; };
		6E77A0A6247E578400C7A2CB /* UIView+WebCache.m in Sources */ = {isa = PBXBuildFile; fileRef = 6E77A049247E578400C7A2CB /* UIView+WebCache.m */; };
		6E77A0A7247E578400C7A2CB /* UIImage+Metadata.m in Sources */ = {isa = PBXBuildFile; fileRef = 6E77A050247E578400C7A2CB /* UIImage+Metadata.m */; };
		6E77A0A8247E578400C7A2CB /* UIButton+WebCache.m in Sources */ = {isa = PBXBuildFile; fileRef = 6E77A052247E578400C7A2CB /* UIButton+WebCache.m */; };
		6E77A0A9247E578400C7A2CB /* SDWebImageDownloaderRequestModifier.m in Sources */ = {isa = PBXBuildFile; fileRef = 6E77A053247E578400C7A2CB /* SDWebImageDownloaderRequestModifier.m */; };
		6E77A0AA247E578400C7A2CB /* UIColor+SDHexString.m in Sources */ = {isa = PBXBuildFile; fileRef = 6E77A059247E578400C7A2CB /* UIColor+SDHexString.m */; };
		6E77A0AB247E578400C7A2CB /* SDImageCachesManagerOperation.m in Sources */ = {isa = PBXBuildFile; fileRef = 6E77A05B247E578400C7A2CB /* SDImageCachesManagerOperation.m */; };
		6E77A0AC247E578400C7A2CB /* SDImageAssetManager.m in Sources */ = {isa = PBXBuildFile; fileRef = 6E77A05E247E578400C7A2CB /* SDImageAssetManager.m */; };
		6E77A0AD247E578400C7A2CB /* SDDeviceHelper.m in Sources */ = {isa = PBXBuildFile; fileRef = 6E77A065247E578400C7A2CB /* SDDeviceHelper.m */; };
		6E77A0AE247E578400C7A2CB /* SDWeakProxy.m in Sources */ = {isa = PBXBuildFile; fileRef = 6E77A066247E578400C7A2CB /* SDWeakProxy.m */; };
		6E77A0AF247E578400C7A2CB /* SDInternalMacros.m in Sources */ = {isa = PBXBuildFile; fileRef = 6E77A067247E578400C7A2CB /* SDInternalMacros.m */; };
		6E77A0B0247E578400C7A2CB /* SDFileAttributeHelper.m in Sources */ = {isa = PBXBuildFile; fileRef = 6E77A068247E578400C7A2CB /* SDFileAttributeHelper.m */; };
		6E77A0B1247E578400C7A2CB /* NSBezierPath+SDRoundedCorners.m in Sources */ = {isa = PBXBuildFile; fileRef = 6E77A06A247E578400C7A2CB /* NSBezierPath+SDRoundedCorners.m */; };
		6E77A0B2247E578400C7A2CB /* SDDisplayLink.m in Sources */ = {isa = PBXBuildFile; fileRef = 6E77A06C247E578400C7A2CB /* SDDisplayLink.m */; };
		6E77A0B3247E578400C7A2CB /* SDAsyncBlockOperation.m in Sources */ = {isa = PBXBuildFile; fileRef = 6E77A06E247E578400C7A2CB /* SDAsyncBlockOperation.m */; };
		6E77A0B4247E578400C7A2CB /* SDAssociatedObject.m in Sources */ = {isa = PBXBuildFile; fileRef = 6E77A06F247E578400C7A2CB /* SDAssociatedObject.m */; };
		6EFB5B71245C5EA100D9AF67 /* AppDelegate.m in Sources */ = {isa = PBXBuildFile; fileRef = 6EFB5B70245C5EA100D9AF67 /* AppDelegate.m */; };
		6EFB5B74245C5EA100D9AF67 /* SceneDelegate.m in Sources */ = {isa = PBXBuildFile; fileRef = 6EFB5B73245C5EA100D9AF67 /* SceneDelegate.m */; };
		6EFB5B77245C5EA100D9AF67 /* ViewController.m in Sources */ = {isa = PBXBuildFile; fileRef = 6EFB5B76245C5EA100D9AF67 /* ViewController.m */; };
		6EFB5B7A245C5EA100D9AF67 /* Main.storyboard in Resources */ = {isa = PBXBuildFile; fileRef = 6EFB5B78245C5EA100D9AF67 /* Main.storyboard */; };
		6EFB5B7C245C5EA300D9AF67 /* Assets.xcassets in Resources */ = {isa = PBXBuildFile; fileRef = 6EFB5B7B245C5EA300D9AF67 /* Assets.xcassets */; };
		6EFB5B7F245C5EA300D9AF67 /* LaunchScreen.storyboard in Resources */ = {isa = PBXBuildFile; fileRef = 6EFB5B7D245C5EA300D9AF67 /* LaunchScreen.storyboard */; };
		6EFB5B82245C5EA300D9AF67 /* main.m in Sources */ = {isa = PBXBuildFile; fileRef = 6EFB5B81245C5EA300D9AF67 /* main.m */; };
/* End PBXBuildFile section */

/* Begin PBXFileReference section */
		613843C6D8E4ACCD29218F8F /* Pods_AFNetworkInterpret.framework */ = {isa = PBXFileReference; explicitFileType = wrapper.framework; includeInIndex = 0; path = Pods_AFNetworkInterpret.framework; sourceTree = BUILT_PRODUCTS_DIR; };
		6E779FE0247E578400C7A2CB /* SDWebImage.h */ = {isa = PBXFileReference; fileEncoding = 4; lastKnownFileType = sourcecode.c.h; path = SDWebImage.h; sourceTree = "<group>"; };
		6E779FE1247E578400C7A2CB /* LICENSE */ = {isa = PBXFileReference; fileEncoding = 4; lastKnownFileType = text; path = LICENSE; sourceTree = "<group>"; };
		6E779FE2247E578400C7A2CB /* README.md */ = {isa = PBXFileReference; fileEncoding = 4; lastKnownFileType = net.daringfireball.markdown; path = README.md; sourceTree = "<group>"; };
		6E779FE5247E578400C7A2CB /* UIImage+ExtendedCacheData.h */ = {isa = PBXFileReference; fileEncoding = 4; lastKnownFileType = sourcecode.c.h; path = "UIImage+ExtendedCacheData.h"; sourceTree = "<group>"; };
		6E779FE6247E578400C7A2CB /* SDImageHEICCoder.m */ = {isa = PBXFileReference; fileEncoding = 4; lastKnownFileType = sourcecode.c.objc; path = SDImageHEICCoder.m; sourceTree = "<group>"; };
		6E779FE7247E578400C7A2CB /* SDAnimatedImageRep.h */ = {isa = PBXFileReference; fileEncoding = 4; lastKnownFileType = sourcecode.c.h; path = SDAnimatedImageRep.h; sourceTree = "<group>"; };
		6E779FE8247E578400C7A2CB /* NSImage+Compatibility.m */ = {isa = PBXFileReference; fileEncoding = 4; lastKnownFileType = sourcecode.c.objc; path = "NSImage+Compatibility.m"; sourceTree = "<group>"; };
		6E779FE9247E578400C7A2CB /* SDDiskCache.h */ = {isa = PBXFileReference; fileEncoding = 4; lastKnownFileType = sourcecode.c.h; path = SDDiskCache.h; sourceTree = "<group>"; };
		6E779FEA247E578400C7A2CB /* SDAnimatedImageView+WebCache.m */ = {isa = PBXFileReference; fileEncoding = 4; lastKnownFileType = sourcecode.c.objc; path = "SDAnimatedImageView+WebCache.m"; sourceTree = "<group>"; };
		6E779FEB247E578400C7A2CB /* SDImageIOCoder.h */ = {isa = PBXFileReference; fileEncoding = 4; lastKnownFileType = sourcecode.c.h; path = SDImageIOCoder.h; sourceTree = "<group>"; };
		6E779FEC247E578400C7A2CB /* SDImageCoder.m */ = {isa = PBXFileReference; fileEncoding = 4; lastKnownFileType = sourcecode.c.objc; path = SDImageCoder.m; sourceTree = "<group>"; };
		6E779FED247E578400C7A2CB /* NSButton+WebCache.h */ = {isa = PBXFileReference; fileEncoding = 4; lastKnownFileType = sourcecode.c.h; path = "NSButton+WebCache.h"; sourceTree = "<group>"; };
		6E779FEE247E578400C7A2CB /* SDImageGraphics.h */ = {isa = PBXFileReference; fileEncoding = 4; lastKnownFileType = sourcecode.c.h; path = SDImageGraphics.h; sourceTree = "<group>"; };
		6E779FEF247E578400C7A2CB /* UIImageView+WebCache.h */ = {isa = PBXFileReference; fileEncoding = 4; lastKnownFileType = sourcecode.c.h; path = "UIImageView+WebCache.h"; sourceTree = "<group>"; };
		6E779FF0247E578400C7A2CB /* NSData+ImageContentType.h */ = {isa = PBXFileReference; fileEncoding = 4; lastKnownFileType = sourcecode.c.h; path = "NSData+ImageContentType.h"; sourceTree = "<group>"; };
		6E779FF1247E578400C7A2CB /* SDWebImageDownloaderDecryptor.m */ = {isa = PBXFileReference; fileEncoding = 4; lastKnownFileType = sourcecode.c.objc; path = SDWebImageDownloaderDecryptor.m; sourceTree = "<group>"; };
		6E779FF2247E578400C7A2CB /* SDImageTransformer.h */ = {isa = PBXFileReference; fileEncoding = 4; lastKnownFileType = sourcecode.c.h; path = SDImageTransformer.h; sourceTree = "<group>"; };
		6E779FF3247E578400C7A2CB /* SDImageCachesManager.h */ = {isa = PBXFileReference; fileEncoding = 4; lastKnownFileType = sourcecode.c.h; path = SDImageCachesManager.h; sourceTree = "<group>"; };
		6E779FF4247E578400C7A2CB /* SDWebImageTransition.h */ = {isa = PBXFileReference; fileEncoding = 4; lastKnownFileType = sourcecode.c.h; path = SDWebImageTransition.h; sourceTree = "<group>"; };
		6E779FF5247E578400C7A2CB /* SDWebImageManager.m */ = {isa = PBXFileReference; fileEncoding = 4; lastKnownFileType = sourcecode.c.objc; path = SDWebImageManager.m; sourceTree = "<group>"; };
		6E779FF6247E578400C7A2CB /* SDImageLoadersManager.h */ = {isa = PBXFileReference; fileEncoding = 4; lastKnownFileType = sourcecode.c.h; path = SDImageLoadersManager.h; sourceTree = "<group>"; };
		6E779FF7247E578400C7A2CB /* SDImageIOAnimatedCoder.m */ = {isa = PBXFileReference; fileEncoding = 4; lastKnownFileType = sourcecode.c.objc; path = SDImageIOAnimatedCoder.m; sourceTree = "<group>"; };
		6E779FF8247E578400C7A2CB /* SDWebImageDownloaderOperation.h */ = {isa = PBXFileReference; fileEncoding = 4; lastKnownFileType = sourcecode.c.h; path = SDWebImageDownloaderOperation.h; sourceTree = "<group>"; };
		6E779FF9247E578400C7A2CB /* UIImageView+HighlightedWebCache.m */ = {isa = PBXFileReference; fileEncoding = 4; lastKnownFileType = sourcecode.c.objc; path = "UIImageView+HighlightedWebCache.m"; sourceTree = "<group>"; };
		6E779FFA247E578400C7A2CB /* SDImageFrame.h */ = {isa = PBXFileReference; fileEncoding = 4; lastKnownFileType = sourcecode.c.h; path = SDImageFrame.h; sourceTree = "<group>"; };
		6E779FFB247E578400C7A2CB /* SDImageGIFCoder.h */ = {isa = PBXFileReference; fileEncoding = 4; lastKnownFileType = sourcecode.c.h; path = SDImageGIFCoder.h; sourceTree = "<group>"; };
		6E779FFC247E578400C7A2CB /* SDImageCache.h */ = {isa = PBXFileReference; fileEncoding = 4; lastKnownFileType = sourcecode.c.h; path = SDImageCache.h; sourceTree = "<group>"; };
		6E779FFD247E578400C7A2CB /* SDWebImageDownloaderConfig.h */ = {isa = PBXFileReference; fileEncoding = 4; lastKnownFileType = sourcecode.c.h; path = SDWebImageDownloaderConfig.h; sourceTree = "<group>"; };
		6E779FFE247E578400C7A2CB /* SDAnimatedImage.m */ = {isa = PBXFileReference; fileEncoding = 4; lastKnownFileType = sourcecode.c.objc; path = SDAnimatedImage.m; sourceTree = "<group>"; };
		6E779FFF247E578400C7A2CB /* SDAnimatedImageView.m */ = {isa = PBXFileReference; fileEncoding = 4; lastKnownFileType = sourcecode.c.objc; path = SDAnimatedImageView.m; sourceTree = "<group>"; };
		6E77A000247E578400C7A2CB /* UIImage+ForceDecode.m */ = {isa = PBXFileReference; fileEncoding = 4; lastKnownFileType = sourcecode.c.objc; path = "UIImage+ForceDecode.m"; sourceTree = "<group>"; };
		6E77A001247E578400C7A2CB /* SDImageCacheConfig.h */ = {isa = PBXFileReference; fileEncoding = 4; lastKnownFileType = sourcecode.c.h; path = SDImageCacheConfig.h; sourceTree = "<group>"; };
		6E77A002247E578400C7A2CB /* SDWebImageCacheKeyFilter.h */ = {isa = PBXFileReference; fileEncoding = 4; lastKnownFileType = sourcecode.c.h; path = SDWebImageCacheKeyFilter.h; sourceTree = "<group>"; };
		6E77A003247E578400C7A2CB /* SDAnimatedImagePlayer.m */ = {isa = PBXFileReference; fileEncoding = 4; lastKnownFileType = sourcecode.c.objc; path = SDAnimatedImagePlayer.m; sourceTree = "<group>"; };
		6E77A004247E578400C7A2CB /* UIImage+Transform.m */ = {isa = PBXFileReference; fileEncoding = 4; lastKnownFileType = sourcecode.c.objc; path = "UIImage+Transform.m"; sourceTree = "<group>"; };
		6E77A005247E578400C7A2CB /* UIImage+MemoryCacheCost.h */ = {isa = PBXFileReference; fileEncoding = 4; lastKnownFileType = sourcecode.c.h; path = "UIImage+MemoryCacheCost.h"; sourceTree = "<group>"; };
		6E77A006247E578400C7A2CB /* SDWebImageDownloader.m */ = {isa = PBXFileReference; fileEncoding = 4; lastKnownFileType = sourcecode.c.objc; path = SDWebImageDownloader.m; sourceTree = "<group>"; };
		6E77A007247E578400C7A2CB /* SDImageCacheDefine.h */ = {isa = PBXFileReference; fileEncoding = 4; lastKnownFileType = sourcecode.c.h; path = SDImageCacheDefine.h; sourceTree = "<group>"; };
		6E77A008247E578400C7A2CB /* SDImageLoader.m */ = {isa = PBXFileReference; fileEncoding = 4; lastKnownFileType = sourcecode.c.objc; path = SDImageLoader.m; sourceTree = "<group>"; };
		6E77A009247E578400C7A2CB /* SDWebImageCacheSerializer.m */ = {isa = PBXFileReference; fileEncoding = 4; lastKnownFileType = sourcecode.c.objc; path = SDWebImageCacheSerializer.m; sourceTree = "<group>"; };
		6E77A00A247E578400C7A2CB /* SDWebImageIndicator.m */ = {isa = PBXFileReference; fileEncoding = 4; lastKnownFileType = sourcecode.c.objc; path = SDWebImageIndicator.m; sourceTree = "<group>"; };
		6E77A00B247E578400C7A2CB /* SDGraphicsImageRenderer.m */ = {isa = PBXFileReference; fileEncoding = 4; lastKnownFileType = sourcecode.c.objc; path = SDGraphicsImageRenderer.m; sourceTree = "<group>"; };
		6E77A00C247E578400C7A2CB /* UIImage+GIF.m */ = {isa = PBXFileReference; fileEncoding = 4; lastKnownFileType = sourcecode.c.objc; path = "UIImage+GIF.m"; sourceTree = "<group>"; };
		6E77A00D247E578400C7A2CB /* SDImageCodersManager.m */ = {isa = PBXFileReference; fileEncoding = 4; lastKnownFileType = sourcecode.c.objc; path = SDImageCodersManager.m; sourceTree = "<group>"; };
		6E77A00E247E578400C7A2CB /* UIButton+WebCache.h */ = {isa = PBXFileReference; fileEncoding = 4; lastKnownFileType = sourcecode.c.h; path = "UIButton+WebCache.h"; sourceTree = "<group>"; };
		6E77A00F247E578400C7A2CB /* SDWebImageDownloaderRequestModifier.h */ = {isa = PBXFileReference; fileEncoding = 4; lastKnownFileType = sourcecode.c.h; path = SDWebImageDownloaderRequestModifier.h; sourceTree = "<group>"; };
		6E77A010247E578400C7A2CB /* UIImage+MultiFormat.m */ = {isa = PBXFileReference; fileEncoding = 4; lastKnownFileType = sourcecode.c.objc; path = "UIImage+MultiFormat.m"; sourceTree = "<group>"; };
		6E77A011247E578400C7A2CB /* SDMemoryCache.m */ = {isa = PBXFileReference; fileEncoding = 4; lastKnownFileType = sourcecode.c.objc; path = SDMemoryCache.m; sourceTree = "<group>"; };
		6E77A012247E578400C7A2CB /* UIImage+Metadata.h */ = {isa = PBXFileReference; fileEncoding = 4; lastKnownFileType = sourcecode.c.h; path = "UIImage+Metadata.h"; sourceTree = "<group>"; };
		6E77A013247E578400C7A2CB /* SDWebImageCompat.m */ = {isa = PBXFileReference; fileEncoding = 4; lastKnownFileType = sourcecode.c.objc; path = SDWebImageCompat.m; sourceTree = "<group>"; };
		6E77A014247E578400C7A2CB /* SDImageAPNGCoder.m */ = {isa = PBXFileReference; fileEncoding = 4; lastKnownFileType = sourcecode.c.objc; path = SDImageAPNGCoder.m; sourceTree = "<group>"; };
		6E77A015247E578400C7A2CB /* SDWebImageDownloaderResponseModifier.m */ = {isa = PBXFileReference; fileEncoding = 4; lastKnownFileType = sourcecode.c.objc; path = SDWebImageDownloaderResponseModifier.m; sourceTree = "<group>"; };
		6E77A016247E578400C7A2CB /* SDWebImageError.m */ = {isa = PBXFileReference; fileEncoding = 4; lastKnownFileType = sourcecode.c.objc; path = SDWebImageError.m; sourceTree = "<group>"; };
		6E77A017247E578400C7A2CB /* SDWebImagePrefetcher.m */ = {isa = PBXFileReference; fileEncoding = 4; lastKnownFileType = sourcecode.c.objc; path = SDWebImagePrefetcher.m; sourceTree = "<group>"; };
		6E77A018247E578400C7A2CB /* SDImageCoderHelper.m */ = {isa = PBXFileReference; fileEncoding = 4; lastKnownFileType = sourcecode.c.objc; path = SDImageCoderHelper.m; sourceTree = "<group>"; };
		6E77A019247E578400C7A2CB /* SDWebImageOptionsProcessor.h */ = {isa = PBXFileReference; fileEncoding = 4; lastKnownFileType = sourcecode.c.h; path = SDWebImageOptionsProcessor.h; sourceTree = "<group>"; };
		6E77A01A247E578400C7A2CB /* UIView+WebCache.h */ = {isa = PBXFileReference; fileEncoding = 4; lastKnownFileType = sourcecode.c.h; path = "UIView+WebCache.h"; sourceTree = "<group>"; };
		6E77A01B247E578400C7A2CB /* UIView+WebCacheOperation.h */ = {isa = PBXFileReference; fileEncoding = 4; lastKnownFileType = sourcecode.c.h; path = "UIView+WebCacheOperation.h"; sourceTree = "<group>"; };
		6E77A01C247E578400C7A2CB /* SDWebImageDefine.h */ = {isa = PBXFileReference; fileEncoding = 4; lastKnownFileType = sourcecode.c.h; path = SDWebImageDefine.h; sourceTree = "<group>"; };
		6E77A01D247E578400C7A2CB /* NSButton+WebCache.m */ = {isa = PBXFileReference; fileEncoding = 4; lastKnownFileType = sourcecode.c.objc; path = "NSButton+WebCache.m"; sourceTree = "<group>"; };
		6E77A01E247E578400C7A2CB /* SDImageCoder.h */ = {isa = PBXFileReference; fileEncoding = 4; lastKnownFileType = sourcecode.c.h; path = SDImageCoder.h; sourceTree = "<group>"; };
		6E77A01F247E578400C7A2CB /* SDImageIOCoder.m */ = {isa = PBXFileReference; fileEncoding = 4; lastKnownFileType = sourcecode.c.objc; path = SDImageIOCoder.m; sourceTree = "<group>"; };
		6E77A020247E578400C7A2CB /* SDAnimatedImageView+WebCache.h */ = {isa = PBXFileReference; fileEncoding = 4; lastKnownFileType = sourcecode.c.h; path = "SDAnimatedImageView+WebCache.h"; sourceTree = "<group>"; };
		6E77A021247E578400C7A2CB /* SDDiskCache.m */ = {isa = PBXFileReference; fileEncoding = 4; lastKnownFileType = sourcecode.c.objc; path = SDDiskCache.m; sourceTree = "<group>"; };
		6E77A022247E578400C7A2CB /* NSImage+Compatibility.h */ = {isa = PBXFileReference; fileEncoding = 4; lastKnownFileType = sourcecode.c.h; path = "NSImage+Compatibility.h"; sourceTree = "<group>"; };
		6E77A023247E578400C7A2CB /* SDAnimatedImageRep.m */ = {isa = PBXFileReference; fileEncoding = 4; lastKnownFileType = sourcecode.c.objc; path = SDAnimatedImageRep.m; sourceTree = "<group>"; };
		6E77A024247E578400C7A2CB /* SDImageHEICCoder.h */ = {isa = PBXFileReference; fileEncoding = 4; lastKnownFileType = sourcecode.c.h; path = SDImageHEICCoder.h; sourceTree = "<group>"; };
		6E77A025247E578400C7A2CB /* UIImage+ExtendedCacheData.m */ = {isa = PBXFileReference; fileEncoding = 4; lastKnownFileType = sourcecode.c.objc; path = "UIImage+ExtendedCacheData.m"; sourceTree = "<group>"; };
		6E77A026247E578400C7A2CB /* SDAnimatedImageView.h */ = {isa = PBXFileReference; fileEncoding = 4; lastKnownFileType = sourcecode.c.h; path = SDAnimatedImageView.h; sourceTree = "<group>"; };
		6E77A027247E578400C7A2CB /* SDWebImageDownloaderConfig.m */ = {isa = PBXFileReference; fileEncoding = 4; lastKnownFileType = sourcecode.c.objc; path = SDWebImageDownloaderConfig.m; sourceTree = "<group>"; };
		6E77A028247E578400C7A2CB /* SDAnimatedImage.h */ = {isa = PBXFileReference; fileEncoding = 4; lastKnownFileType = sourcecode.c.h; path = SDAnimatedImage.h; sourceTree = "<group>"; };
		6E77A029247E578400C7A2CB /* SDImageCache.m */ = {isa = PBXFileReference; fileEncoding = 4; lastKnownFileType = sourcecode.c.objc; path = SDImageCache.m; sourceTree = "<group>"; };
		6E77A02A247E578400C7A2CB /* SDImageGIFCoder.m */ = {isa = PBXFileReference; fileEncoding = 4; lastKnownFileType = sourcecode.c.objc; path = SDImageGIFCoder.m; sourceTree = "<group>"; };
		6E77A02B247E578400C7A2CB /* UIImageView+HighlightedWebCache.h */ = {isa = PBXFileReference; fileEncoding = 4; lastKnownFileType = sourcecode.c.h; path = "UIImageView+HighlightedWebCache.h"; sourceTree = "<group>"; };
		6E77A02C247E578400C7A2CB /* SDImageFrame.m */ = {isa = PBXFileReference; fileEncoding = 4; lastKnownFileType = sourcecode.c.objc; path = SDImageFrame.m; sourceTree = "<group>"; };
		6E77A02D247E578400C7A2CB /* SDWebImageDownloaderOperation.m */ = {isa = PBXFileReference; fileEncoding = 4; lastKnownFileType = sourcecode.c.objc; path = SDWebImageDownloaderOperation.m; sourceTree = "<group>"; };
		6E77A02E247E578400C7A2CB /* SDImageIOAnimatedCoder.h */ = {isa = PBXFileReference; fileEncoding = 4; lastKnownFileType = sourcecode.c.h; path = SDImageIOAnimatedCoder.h; sourceTree = "<group>"; };
		6E77A02F247E578400C7A2CB /* SDImageLoadersManager.m */ = {isa = PBXFileReference; fileEncoding = 4; lastKnownFileType = sourcecode.c.objc; path = SDImageLoadersManager.m; sourceTree = "<group>"; };
		6E77A030247E578400C7A2CB /* SDImageCachesManager.m */ = {isa = PBXFileReference; fileEncoding = 4; lastKnownFileType = sourcecode.c.objc; path = SDImageCachesManager.m; sourceTree = "<group>"; };
		6E77A031247E578400C7A2CB /* SDWebImageTransition.m */ = {isa = PBXFileReference; fileEncoding = 4; lastKnownFileType = sourcecode.c.objc; path = SDWebImageTransition.m; sourceTree = "<group>"; };
		6E77A032247E578400C7A2CB /* SDWebImageManager.h */ = {isa = PBXFileReference; fileEncoding = 4; lastKnownFileType = sourcecode.c.h; path = SDWebImageManager.h; sourceTree = "<group>"; };
		6E77A033247E578400C7A2CB /* SDImageTransformer.m */ = {isa = PBXFileReference; fileEncoding = 4; lastKnownFileType = sourcecode.c.objc; path = SDImageTransformer.m; sourceTree = "<group>"; };
		6E77A034247E578400C7A2CB /* NSData+ImageContentType.m */ = {isa = PBXFileReference; fileEncoding = 4; lastKnownFileType = sourcecode.c.objc; path = "NSData+ImageContentType.m"; sourceTree = "<group>"; };
		6E77A035247E578400C7A2CB /* UIImageView+WebCache.m */ = {isa = PBXFileReference; fileEncoding = 4; lastKnownFileType = sourcecode.c.objc; path = "UIImageView+WebCache.m"; sourceTree = "<group>"; };
		6E77A036247E578400C7A2CB /* SDWebImageDownloaderDecryptor.h */ = {isa = PBXFileReference; fileEncoding = 4; lastKnownFileType = sourcecode.c.h; path = SDWebImageDownloaderDecryptor.h; sourceTree = "<group>"; };
		6E77A037247E578400C7A2CB /* SDWebImageOperation.h */ = {isa = PBXFileReference; fileEncoding = 4; lastKnownFileType = sourcecode.c.h; path = SDWebImageOperation.h; sourceTree = "<group>"; };
		6E77A038247E578400C7A2CB /* SDImageGraphics.m */ = {isa = PBXFileReference; fileEncoding = 4; lastKnownFileType = sourcecode.c.objc; path = SDImageGraphics.m; sourceTree = "<group>"; };
		6E77A039247E578400C7A2CB /* SDGraphicsImageRenderer.h */ = {isa = PBXFileReference; fileEncoding = 4; lastKnownFileType = sourcecode.c.h; path = SDGraphicsImageRenderer.h; sourceTree = "<group>"; };
		6E77A03A247E578400C7A2CB /* SDWebImageIndicator.h */ = {isa = PBXFileReference; fileEncoding = 4; lastKnownFileType = sourcecode.c.h; path = SDWebImageIndicator.h; sourceTree = "<group>"; };
		6E77A03B247E578400C7A2CB /* SDWebImageCacheSerializer.h */ = {isa = PBXFileReference; fileEncoding = 4; lastKnownFileType = sourcecode.c.h; path = SDWebImageCacheSerializer.h; sourceTree = "<group>"; };
		6E77A03C247E578400C7A2CB /* SDImageLoader.h */ = {isa = PBXFileReference; fileEncoding = 4; lastKnownFileType = sourcecode.c.h; path = SDImageLoader.h; sourceTree = "<group>"; };
		6E77A03D247E578400C7A2CB /* SDImageCacheDefine.m */ = {isa = PBXFileReference; fileEncoding = 4; lastKnownFileType = sourcecode.c.objc; path = SDImageCacheDefine.m; sourceTree = "<group>"; };
		6E77A03E247E578400C7A2CB /* SDWebImageDownloader.h */ = {isa = PBXFileReference; fileEncoding = 4; lastKnownFileType = sourcecode.c.h; path = SDWebImageDownloader.h; sourceTree = "<group>"; };
		6E77A03F247E578400C7A2CB /* UIImage+MemoryCacheCost.m */ = {isa = PBXFileReference; fileEncoding = 4; lastKnownFileType = sourcecode.c.objc; path = "UIImage+MemoryCacheCost.m"; sourceTree = "<group>"; };
		6E77A040247E578400C7A2CB /* UIImage+Transform.h */ = {isa = PBXFileReference; fileEncoding = 4; lastKnownFileType = sourcecode.c.h; path = "UIImage+Transform.h"; sourceTree = "<group>"; };
		6E77A041247E578400C7A2CB /* SDAnimatedImagePlayer.h */ = {isa = PBXFileReference; fileEncoding = 4; lastKnownFileType = sourcecode.c.h; path = SDAnimatedImagePlayer.h; sourceTree = "<group>"; };
		6E77A042247E578400C7A2CB /* SDImageCacheConfig.m */ = {isa = PBXFileReference; fileEncoding = 4; lastKnownFileType = sourcecode.c.objc; path = SDImageCacheConfig.m; sourceTree = "<group>"; };
		6E77A043247E578400C7A2CB /* SDWebImageCacheKeyFilter.m */ = {isa = PBXFileReference; fileEncoding = 4; lastKnownFileType = sourcecode.c.objc; path = SDWebImageCacheKeyFilter.m; sourceTree = "<group>"; };
		6E77A044247E578400C7A2CB /* UIImage+ForceDecode.h */ = {isa = PBXFileReference; fileEncoding = 4; lastKnownFileType = sourcecode.c.h; path = "UIImage+ForceDecode.h"; sourceTree = "<group>"; };
		6E77A045247E578400C7A2CB /* SDWebImageDefine.m */ = {isa = PBXFileReference; fileEncoding = 4; lastKnownFileType = sourcecode.c.objc; path = SDWebImageDefine.m; sourceTree = "<group>"; };
		6E77A046247E578400C7A2CB /* SDImageCoderHelper.h */ = {isa = PBXFileReference; fileEncoding = 4; lastKnownFileType = sourcecode.c.h; path = SDImageCoderHelper.h; sourceTree = "<group>"; };
		6E77A047247E578400C7A2CB /* SDWebImageOptionsProcessor.m */ = {isa = PBXFileReference; fileEncoding = 4; lastKnownFileType = sourcecode.c.objc; path = SDWebImageOptionsProcessor.m; sourceTree = "<group>"; };
		6E77A048247E578400C7A2CB /* UIView+WebCacheOperation.m */ = {isa = PBXFileReference; fileEncoding = 4; lastKnownFileType = sourcecode.c.objc; path = "UIView+WebCacheOperation.m"; sourceTree = "<group>"; };
		6E77A049247E578400C7A2CB /* UIView+WebCache.m */ = {isa = PBXFileReference; fileEncoding = 4; lastKnownFileType = sourcecode.c.objc; path = "UIView+WebCache.m"; sourceTree = "<group>"; };
		6E77A04A247E578400C7A2CB /* SDWebImagePrefetcher.h */ = {isa = PBXFileReference; fileEncoding = 4; lastKnownFileType = sourcecode.c.h; path = SDWebImagePrefetcher.h; sourceTree = "<group>"; };
		6E77A04B247E578400C7A2CB /* SDWebImageDownloaderResponseModifier.h */ = {isa = PBXFileReference; fileEncoding = 4; lastKnownFileType = sourcecode.c.h; path = SDWebImageDownloaderResponseModifier.h; sourceTree = "<group>"; };
		6E77A04C247E578400C7A2CB /* SDImageAPNGCoder.h */ = {isa = PBXFileReference; fileEncoding = 4; lastKnownFileType = sourcecode.c.h; path = SDImageAPNGCoder.h; sourceTree = "<group>"; };
		6E77A04D247E578400C7A2CB /* SDWebImageError.h */ = {isa = PBXFileReference; fileEncoding = 4; lastKnownFileType = sourcecode.c.h; path = SDWebImageError.h; sourceTree = "<group>"; };
		6E77A04E247E578400C7A2CB /* SDWebImageCompat.h */ = {isa = PBXFileReference; fileEncoding = 4; lastKnownFileType = sourcecode.c.h; path = SDWebImageCompat.h; sourceTree = "<group>"; };
		6E77A04F247E578400C7A2CB /* SDMemoryCache.h */ = {isa = PBXFileReference; fileEncoding = 4; lastKnownFileType = sourcecode.c.h; path = SDMemoryCache.h; sourceTree = "<group>"; };
		6E77A050247E578400C7A2CB /* UIImage+Metadata.m */ = {isa = PBXFileReference; fileEncoding = 4; lastKnownFileType = sourcecode.c.objc; path = "UIImage+Metadata.m"; sourceTree = "<group>"; };
		6E77A051247E578400C7A2CB /* UIImage+MultiFormat.h */ = {isa = PBXFileReference; fileEncoding = 4; lastKnownFileType = sourcecode.c.h; path = "UIImage+MultiFormat.h"; sourceTree = "<group>"; };
		6E77A052247E578400C7A2CB /* UIButton+WebCache.m */ = {isa = PBXFileReference; fileEncoding = 4; lastKnownFileType = sourcecode.c.objc; path = "UIButton+WebCache.m"; sourceTree = "<group>"; };
		6E77A053247E578400C7A2CB /* SDWebImageDownloaderRequestModifier.m */ = {isa = PBXFileReference; fileEncoding = 4; lastKnownFileType = sourcecode.c.objc; path = SDWebImageDownloaderRequestModifier.m; sourceTree = "<group>"; };
		6E77A054247E578400C7A2CB /* SDImageCodersManager.h */ = {isa = PBXFileReference; fileEncoding = 4; lastKnownFileType = sourcecode.c.h; path = SDImageCodersManager.h; sourceTree = "<group>"; };
		6E77A055247E578400C7A2CB /* UIImage+GIF.h */ = {isa = PBXFileReference; fileEncoding = 4; lastKnownFileType = sourcecode.c.h; path = "UIImage+GIF.h"; sourceTree = "<group>"; };
		6E77A057247E578400C7A2CB /* SDDeviceHelper.h */ = {isa = PBXFileReference; fileEncoding = 4; lastKnownFileType = sourcecode.c.h; path = SDDeviceHelper.h; sourceTree = "<group>"; };
		6E77A058247E578400C7A2CB /* SDWeakProxy.h */ = {isa = PBXFileReference; fileEncoding = 4; lastKnownFileType = sourcecode.c.h; path = SDWeakProxy.h; sourceTree = "<group>"; };
		6E77A059247E578400C7A2CB /* UIColor+SDHexString.m */ = {isa = PBXFileReference; fileEncoding = 4; lastKnownFileType = sourcecode.c.objc; path = "UIColor+SDHexString.m"; sourceTree = "<group>"; };
		6E77A05A247E578400C7A2CB /* NSBezierPath+SDRoundedCorners.h */ = {isa = PBXFileReference; fileEncoding = 4; lastKnownFileType = sourcecode.c.h; path = "NSBezierPath+SDRoundedCorners.h"; sourceTree = "<group>"; };
		6E77A05B247E578400C7A2CB /* SDImageCachesManagerOperation.m */ = {isa = PBXFileReference; fileEncoding = 4; lastKnownFileType = sourcecode.c.objc; path = SDImageCachesManagerOperation.m; sourceTree = "<group>"; };
		6E77A05C247E578400C7A2CB /* SDFileAttributeHelper.h */ = {isa = PBXFileReference; fileEncoding = 4; lastKnownFileType = sourcecode.c.h; path = SDFileAttributeHelper.h; sourceTree = "<group>"; };
		6E77A05D247E578400C7A2CB /* SDInternalMacros.h */ = {isa = PBXFileReference; fileEncoding = 4; lastKnownFileType = sourcecode.c.h; path = SDInternalMacros.h; sourceTree = "<group>"; };
		6E77A05E247E578400C7A2CB /* SDImageAssetManager.m */ = {isa = PBXFileReference; fileEncoding = 4; lastKnownFileType = sourcecode.c.objc; path = SDImageAssetManager.m; sourceTree = "<group>"; };
		6E77A05F247E578400C7A2CB /* SDAsyncBlockOperation.h */ = {isa = PBXFileReference; fileEncoding = 4; lastKnownFileType = sourcecode.c.h; path = SDAsyncBlockOperation.h; sourceTree = "<group>"; };
		6E77A060247E578400C7A2CB /* SDDisplayLink.h */ = {isa = PBXFileReference; fileEncoding = 4; lastKnownFileType = sourcecode.c.h; path = SDDisplayLink.h; sourceTree = "<group>"; };
		6E77A061247E578400C7A2CB /* SDAssociatedObject.h */ = {isa = PBXFileReference; fileEncoding = 4; lastKnownFileType = sourcecode.c.h; path = SDAssociatedObject.h; sourceTree = "<group>"; };
		6E77A062247E578400C7A2CB /* SDmetamacros.h */ = {isa = PBXFileReference; fileEncoding = 4; lastKnownFileType = sourcecode.c.h; path = SDmetamacros.h; sourceTree = "<group>"; };
		6E77A063247E578400C7A2CB /* SDImageHEICCoderInternal.h */ = {isa = PBXFileReference; fileEncoding = 4; lastKnownFileType = sourcecode.c.h; path = SDImageHEICCoderInternal.h; sourceTree = "<group>"; };
		6E77A064247E578400C7A2CB /* SDImageIOAnimatedCoderInternal.h */ = {isa = PBXFileReference; fileEncoding = 4; lastKnownFileType = sourcecode.c.h; path = SDImageIOAnimatedCoderInternal.h; sourceTree = "<group>"; };
		6E77A065247E578400C7A2CB /* SDDeviceHelper.m */ = {isa = PBXFileReference; fileEncoding = 4; lastKnownFileType = sourcecode.c.objc; path = SDDeviceHelper.m; sourceTree = "<group>"; };
		6E77A066247E578400C7A2CB /* SDWeakProxy.m */ = {isa = PBXFileReference; fileEncoding = 4; lastKnownFileType = sourcecode.c.objc; path = SDWeakProxy.m; sourceTree = "<group>"; };
		6E77A067247E578400C7A2CB /* SDInternalMacros.m */ = {isa = PBXFileReference; fileEncoding = 4; lastKnownFileType = sourcecode.c.objc; path = SDInternalMacros.m; sourceTree = "<group>"; };
		6E77A068247E578400C7A2CB /* SDFileAttributeHelper.m */ = {isa = PBXFileReference; fileEncoding = 4; lastKnownFileType = sourcecode.c.objc; path = SDFileAttributeHelper.m; sourceTree = "<group>"; };
		6E77A069247E578400C7A2CB /* SDImageCachesManagerOperation.h */ = {isa = PBXFileReference; fileEncoding = 4; lastKnownFileType = sourcecode.c.h; path = SDImageCachesManagerOperation.h; sourceTree = "<group>"; };
		6E77A06A247E578400C7A2CB /* NSBezierPath+SDRoundedCorners.m */ = {isa = PBXFileReference; fileEncoding = 4; lastKnownFileType = sourcecode.c.objc; path = "NSBezierPath+SDRoundedCorners.m"; sourceTree = "<group>"; };
		6E77A06B247E578400C7A2CB /* UIColor+SDHexString.h */ = {isa = PBXFileReference; fileEncoding = 4; lastKnownFileType = sourcecode.c.h; path = "UIColor+SDHexString.h"; sourceTree = "<group>"; };
		6E77A06C247E578400C7A2CB /* SDDisplayLink.m */ = {isa = PBXFileReference; fileEncoding = 4; lastKnownFileType = sourcecode.c.objc; path = SDDisplayLink.m; sourceTree = "<group>"; };
		6E77A06D247E578400C7A2CB /* SDImageAssetManager.h */ = {isa = PBXFileReference; fileEncoding = 4; lastKnownFileType = sourcecode.c.h; path = SDImageAssetManager.h; sourceTree = "<group>"; };
		6E77A06E247E578400C7A2CB /* SDAsyncBlockOperation.m */ = {isa = PBXFileReference; fileEncoding = 4; lastKnownFileType = sourcecode.c.objc; path = SDAsyncBlockOperation.m; sourceTree = "<group>"; };
		6E77A06F247E578400C7A2CB /* SDAssociatedObject.m */ = {isa = PBXFileReference; fileEncoding = 4; lastKnownFileType = sourcecode.c.objc; path = SDAssociatedObject.m; sourceTree = "<group>"; };
		6EFB5B6C245C5EA100D9AF67 /* AFNetworkInterpret.app */ = {isa = PBXFileReference; explicitFileType = wrapper.application; includeInIndex = 0; path = AFNetworkInterpret.app; sourceTree = BUILT_PRODUCTS_DIR; };
		6EFB5B6F245C5EA100D9AF67 /* AppDelegate.h */ = {isa = PBXFileReference; lastKnownFileType = sourcecode.c.h; path = AppDelegate.h; sourceTree = "<group>"; };
		6EFB5B70245C5EA100D9AF67 /* AppDelegate.m */ = {isa = PBXFileReference; lastKnownFileType = sourcecode.c.objc; path = AppDelegate.m; sourceTree = "<group>"; };
		6EFB5B72245C5EA100D9AF67 /* SceneDelegate.h */ = {isa = PBXFileReference; lastKnownFileType = sourcecode.c.h; path = SceneDelegate.h; sourceTree = "<group>"; };
		6EFB5B73245C5EA100D9AF67 /* SceneDelegate.m */ = {isa = PBXFileReference; lastKnownFileType = sourcecode.c.objc; path = SceneDelegate.m; sourceTree = "<group>"; };
		6EFB5B75245C5EA100D9AF67 /* ViewController.h */ = {isa = PBXFileReference; lastKnownFileType = sourcecode.c.h; path = ViewController.h; sourceTree = "<group>"; };
		6EFB5B76245C5EA100D9AF67 /* ViewController.m */ = {isa = PBXFileReference; lastKnownFileType = sourcecode.c.objc; path = ViewController.m; sourceTree = "<group>"; };
		6EFB5B79245C5EA100D9AF67 /* Base */ = {isa = PBXFileReference; lastKnownFileType = file.storyboard; name = Base; path = Base.lproj/Main.storyboard; sourceTree = "<group>"; };
		6EFB5B7B245C5EA300D9AF67 /* Assets.xcassets */ = {isa = PBXFileReference; lastKnownFileType = folder.assetcatalog; path = Assets.xcassets; sourceTree = "<group>"; };
		6EFB5B7E245C5EA300D9AF67 /* Base */ = {isa = PBXFileReference; lastKnownFileType = file.storyboard; name = Base; path = Base.lproj/LaunchScreen.storyboard; sourceTree = "<group>"; };
		6EFB5B80245C5EA300D9AF67 /* Info.plist */ = {isa = PBXFileReference; lastKnownFileType = text.plist.xml; path = Info.plist; sourceTree = "<group>"; };
		6EFB5B81245C5EA300D9AF67 /* main.m */ = {isa = PBXFileReference; lastKnownFileType = sourcecode.c.objc; path = main.m; sourceTree = "<group>"; };
		A6DF75631B6E353F6AAEDA4D /* Pods-AFNetworkInterpret.debug.xcconfig */ = {isa = PBXFileReference; includeInIndex = 1; lastKnownFileType = text.xcconfig; name = "Pods-AFNetworkInterpret.debug.xcconfig"; path = "Target Support Files/Pods-AFNetworkInterpret/Pods-AFNetworkInterpret.debug.xcconfig"; sourceTree = "<group>"; };
		B678537455940609472D4988 /* Pods-AFNetworkInterpret.release.xcconfig */ = {isa = PBXFileReference; includeInIndex = 1; lastKnownFileType = text.xcconfig; name = "Pods-AFNetworkInterpret.release.xcconfig"; path = "Target Support Files/Pods-AFNetworkInterpret/Pods-AFNetworkInterpret.release.xcconfig"; sourceTree = "<group>"; };
/* End PBXFileReference section */

/* Begin PBXFrameworksBuildPhase section */
		6EFB5B69245C5EA100D9AF67 /* Frameworks */ = {
			isa = PBXFrameworksBuildPhase;
			buildActionMask = 2147483647;
			files = (
				0DA014C9355237C6EEE3A256 /* Pods_AFNetworkInterpret.framework in Frameworks */,
			);
			runOnlyForDeploymentPostprocessing = 0;
		};
/* End PBXFrameworksBuildPhase section */

/* Begin PBXGroup section */
		1A7A5B11EF157D0FAF2BF6B9 /* Frameworks */ = {
			isa = PBXGroup;
			children = (
				613843C6D8E4ACCD29218F8F /* Pods_AFNetworkInterpret.framework */,
			);
			name = Frameworks;
			sourceTree = "<group>";
		};
		6E779FDE247E578400C7A2CB /* SDWebImage[5.7.3] */ = {
			isa = PBXGroup;
			children = (
				6E779FDF247E578400C7A2CB /* WebImage */,
				6E779FE1247E578400C7A2CB /* LICENSE */,
				6E779FE2247E578400C7A2CB /* README.md */,
				6E779FE3247E578400C7A2CB /* SDWebImage */,
			);
			path = "SDWebImage[5.7.3]";
			sourceTree = "<group>";
		};
		6E779FDF247E578400C7A2CB /* WebImage */ = {
			isa = PBXGroup;
			children = (
				6E779FE0247E578400C7A2CB /* SDWebImage.h */,
			);
			path = WebImage;
			sourceTree = "<group>";
		};
		6E779FE3247E578400C7A2CB /* SDWebImage */ = {
			isa = PBXGroup;
			children = (
				6E779FE4247E578400C7A2CB /* Core */,
				6E77A056247E578400C7A2CB /* Private */,
			);
			path = SDWebImage;
			sourceTree = "<group>";
		};
		6E779FE4247E578400C7A2CB /* Core */ = {
			isa = PBXGroup;
			children = (
				6E779FE5247E578400C7A2CB /* UIImage+ExtendedCacheData.h */,
				6E779FE6247E578400C7A2CB /* SDImageHEICCoder.m */,
				6E779FE7247E578400C7A2CB /* SDAnimatedImageRep.h */,
				6E779FE8247E578400C7A2CB /* NSImage+Compatibility.m */,
				6E779FE9247E578400C7A2CB /* SDDiskCache.h */,
				6E779FEA247E578400C7A2CB /* SDAnimatedImageView+WebCache.m */,
				6E779FEB247E578400C7A2CB /* SDImageIOCoder.h */,
				6E779FEC247E578400C7A2CB /* SDImageCoder.m */,
				6E779FED247E578400C7A2CB /* NSButton+WebCache.h */,
				6E779FEE247E578400C7A2CB /* SDImageGraphics.h */,
				6E779FEF247E578400C7A2CB /* UIImageView+WebCache.h */,
				6E779FF0247E578400C7A2CB /* NSData+ImageContentType.h */,
				6E779FF1247E578400C7A2CB /* SDWebImageDownloaderDecryptor.m */,
				6E779FF2247E578400C7A2CB /* SDImageTransformer.h */,
				6E779FF3247E578400C7A2CB /* SDImageCachesManager.h */,
				6E779FF4247E578400C7A2CB /* SDWebImageTransition.h */,
				6E779FF5247E578400C7A2CB /* SDWebImageManager.m */,
				6E779FF6247E578400C7A2CB /* SDImageLoadersManager.h */,
				6E779FF7247E578400C7A2CB /* SDImageIOAnimatedCoder.m */,
				6E779FF8247E578400C7A2CB /* SDWebImageDownloaderOperation.h */,
				6E779FF9247E578400C7A2CB /* UIImageView+HighlightedWebCache.m */,
				6E779FFA247E578400C7A2CB /* SDImageFrame.h */,
				6E779FFB247E578400C7A2CB /* SDImageGIFCoder.h */,
				6E779FFC247E578400C7A2CB /* SDImageCache.h */,
				6E779FFD247E578400C7A2CB /* SDWebImageDownloaderConfig.h */,
				6E779FFE247E578400C7A2CB /* SDAnimatedImage.m */,
				6E779FFF247E578400C7A2CB /* SDAnimatedImageView.m */,
				6E77A000247E578400C7A2CB /* UIImage+ForceDecode.m */,
				6E77A001247E578400C7A2CB /* SDImageCacheConfig.h */,
				6E77A002247E578400C7A2CB /* SDWebImageCacheKeyFilter.h */,
				6E77A003247E578400C7A2CB /* SDAnimatedImagePlayer.m */,
				6E77A004247E578400C7A2CB /* UIImage+Transform.m */,
				6E77A005247E578400C7A2CB /* UIImage+MemoryCacheCost.h */,
				6E77A006247E578400C7A2CB /* SDWebImageDownloader.m */,
				6E77A007247E578400C7A2CB /* SDImageCacheDefine.h */,
				6E77A008247E578400C7A2CB /* SDImageLoader.m */,
				6E77A009247E578400C7A2CB /* SDWebImageCacheSerializer.m */,
				6E77A00A247E578400C7A2CB /* SDWebImageIndicator.m */,
				6E77A00B247E578400C7A2CB /* SDGraphicsImageRenderer.m */,
				6E77A00C247E578400C7A2CB /* UIImage+GIF.m */,
				6E77A00D247E578400C7A2CB /* SDImageCodersManager.m */,
				6E77A00E247E578400C7A2CB /* UIButton+WebCache.h */,
				6E77A00F247E578400C7A2CB /* SDWebImageDownloaderRequestModifier.h */,
				6E77A010247E578400C7A2CB /* UIImage+MultiFormat.m */,
				6E77A011247E578400C7A2CB /* SDMemoryCache.m */,
				6E77A012247E578400C7A2CB /* UIImage+Metadata.h */,
				6E77A013247E578400C7A2CB /* SDWebImageCompat.m */,
				6E77A014247E578400C7A2CB /* SDImageAPNGCoder.m */,
				6E77A015247E578400C7A2CB /* SDWebImageDownloaderResponseModifier.m */,
				6E77A016247E578400C7A2CB /* SDWebImageError.m */,
				6E77A017247E578400C7A2CB /* SDWebImagePrefetcher.m */,
				6E77A018247E578400C7A2CB /* SDImageCoderHelper.m */,
				6E77A019247E578400C7A2CB /* SDWebImageOptionsProcessor.h */,
				6E77A01A247E578400C7A2CB /* UIView+WebCache.h */,
				6E77A01B247E578400C7A2CB /* UIView+WebCacheOperation.h */,
				6E77A01C247E578400C7A2CB /* SDWebImageDefine.h */,
				6E77A01D247E578400C7A2CB /* NSButton+WebCache.m */,
				6E77A01E247E578400C7A2CB /* SDImageCoder.h */,
				6E77A01F247E578400C7A2CB /* SDImageIOCoder.m */,
				6E77A020247E578400C7A2CB /* SDAnimatedImageView+WebCache.h */,
				6E77A021247E578400C7A2CB /* SDDiskCache.m */,
				6E77A022247E578400C7A2CB /* NSImage+Compatibility.h */,
				6E77A023247E578400C7A2CB /* SDAnimatedImageRep.m */,
				6E77A024247E578400C7A2CB /* SDImageHEICCoder.h */,
				6E77A025247E578400C7A2CB /* UIImage+ExtendedCacheData.m */,
				6E77A026247E578400C7A2CB /* SDAnimatedImageView.h */,
				6E77A027247E578400C7A2CB /* SDWebImageDownloaderConfig.m */,
				6E77A028247E578400C7A2CB /* SDAnimatedImage.h */,
				6E77A029247E578400C7A2CB /* SDImageCache.m */,
				6E77A02A247E578400C7A2CB /* SDImageGIFCoder.m */,
				6E77A02B247E578400C7A2CB /* UIImageView+HighlightedWebCache.h */,
				6E77A02C247E578400C7A2CB /* SDImageFrame.m */,
				6E77A02D247E578400C7A2CB /* SDWebImageDownloaderOperation.m */,
				6E77A02E247E578400C7A2CB /* SDImageIOAnimatedCoder.h */,
				6E77A02F247E578400C7A2CB /* SDImageLoadersManager.m */,
				6E77A030247E578400C7A2CB /* SDImageCachesManager.m */,
				6E77A031247E578400C7A2CB /* SDWebImageTransition.m */,
				6E77A032247E578400C7A2CB /* SDWebImageManager.h */,
				6E77A033247E578400C7A2CB /* SDImageTransformer.m */,
				6E77A034247E578400C7A2CB /* NSData+ImageContentType.m */,
				6E77A035247E578400C7A2CB /* UIImageView+WebCache.m */,
				6E77A036247E578400C7A2CB /* SDWebImageDownloaderDecryptor.h */,
				6E77A037247E578400C7A2CB /* SDWebImageOperation.h */,
				6E77A038247E578400C7A2CB /* SDImageGraphics.m */,
				6E77A039247E578400C7A2CB /* SDGraphicsImageRenderer.h */,
				6E77A03A247E578400C7A2CB /* SDWebImageIndicator.h */,
				6E77A03B247E578400C7A2CB /* SDWebImageCacheSerializer.h */,
				6E77A03C247E578400C7A2CB /* SDImageLoader.h */,
				6E77A03D247E578400C7A2CB /* SDImageCacheDefine.m */,
				6E77A03E247E578400C7A2CB /* SDWebImageDownloader.h */,
				6E77A03F247E578400C7A2CB /* UIImage+MemoryCacheCost.m */,
				6E77A040247E578400C7A2CB /* UIImage+Transform.h */,
				6E77A041247E578400C7A2CB /* SDAnimatedImagePlayer.h */,
				6E77A042247E578400C7A2CB /* SDImageCacheConfig.m */,
				6E77A043247E578400C7A2CB /* SDWebImageCacheKeyFilter.m */,
				6E77A044247E578400C7A2CB /* UIImage+ForceDecode.h */,
				6E77A045247E578400C7A2CB /* SDWebImageDefine.m */,
				6E77A046247E578400C7A2CB /* SDImageCoderHelper.h */,
				6E77A047247E578400C7A2CB /* SDWebImageOptionsProcessor.m */,
				6E77A048247E578400C7A2CB /* UIView+WebCacheOperation.m */,
				6E77A049247E578400C7A2CB /* UIView+WebCache.m */,
				6E77A04A247E578400C7A2CB /* SDWebImagePrefetcher.h */,
				6E77A04B247E578400C7A2CB /* SDWebImageDownloaderResponseModifier.h */,
				6E77A04C247E578400C7A2CB /* SDImageAPNGCoder.h */,
				6E77A04D247E578400C7A2CB /* SDWebImageError.h */,
				6E77A04E247E578400C7A2CB /* SDWebImageCompat.h */,
				6E77A04F247E578400C7A2CB /* SDMemoryCache.h */,
				6E77A050247E578400C7A2CB /* UIImage+Metadata.m */,
				6E77A051247E578400C7A2CB /* UIImage+MultiFormat.h */,
				6E77A052247E578400C7A2CB /* UIButton+WebCache.m */,
				6E77A053247E578400C7A2CB /* SDWebImageDownloaderRequestModifier.m */,
				6E77A054247E578400C7A2CB /* SDImageCodersManager.h */,
				6E77A055247E578400C7A2CB /* UIImage+GIF.h */,
			);
			path = Core;
			sourceTree = "<group>";
		};
		6E77A056247E578400C7A2CB /* Private */ = {
			isa = PBXGroup;
			children = (
				6E77A057247E578400C7A2CB /* SDDeviceHelper.h */,
				6E77A058247E578400C7A2CB /* SDWeakProxy.h */,
				6E77A059247E578400C7A2CB /* UIColor+SDHexString.m */,
				6E77A05A247E578400C7A2CB /* NSBezierPath+SDRoundedCorners.h */,
				6E77A05B247E578400C7A2CB /* SDImageCachesManagerOperation.m */,
				6E77A05C247E578400C7A2CB /* SDFileAttributeHelper.h */,
				6E77A05D247E578400C7A2CB /* SDInternalMacros.h */,
				6E77A05E247E578400C7A2CB /* SDImageAssetManager.m */,
				6E77A05F247E578400C7A2CB /* SDAsyncBlockOperation.h */,
				6E77A060247E578400C7A2CB /* SDDisplayLink.h */,
				6E77A061247E578400C7A2CB /* SDAssociatedObject.h */,
				6E77A062247E578400C7A2CB /* SDmetamacros.h */,
				6E77A063247E578400C7A2CB /* SDImageHEICCoderInternal.h */,
				6E77A064247E578400C7A2CB /* SDImageIOAnimatedCoderInternal.h */,
				6E77A065247E578400C7A2CB /* SDDeviceHelper.m */,
				6E77A066247E578400C7A2CB /* SDWeakProxy.m */,
				6E77A067247E578400C7A2CB /* SDInternalMacros.m */,
				6E77A068247E578400C7A2CB /* SDFileAttributeHelper.m */,
				6E77A069247E578400C7A2CB /* SDImageCachesManagerOperation.h */,
				6E77A06A247E578400C7A2CB /* NSBezierPath+SDRoundedCorners.m */,
				6E77A06B247E578400C7A2CB /* UIColor+SDHexString.h */,
				6E77A06C247E578400C7A2CB /* SDDisplayLink.m */,
				6E77A06D247E578400C7A2CB /* SDImageAssetManager.h */,
				6E77A06E247E578400C7A2CB /* SDAsyncBlockOperation.m */,
				6E77A06F247E578400C7A2CB /* SDAssociatedObject.m */,
			);
			path = Private;
			sourceTree = "<group>";
		};
		6EFB5B63245C5EA100D9AF67 = {
			isa = PBXGroup;
			children = (
				6EFB5B6E245C5EA100D9AF67 /* AFNetworkInterpret */,
				6EFB5B6D245C5EA100D9AF67 /* Products */,
				E6C7954E6D378E373CD1653D /* Pods */,
				1A7A5B11EF157D0FAF2BF6B9 /* Frameworks */,
			);
			sourceTree = "<group>";
		};
		6EFB5B6D245C5EA100D9AF67 /* Products */ = {
			isa = PBXGroup;
			children = (
				6EFB5B6C245C5EA100D9AF67 /* AFNetworkInterpret.app */,
			);
			name = Products;
			sourceTree = "<group>";
		};
		6EFB5B6E245C5EA100D9AF67 /* AFNetworkInterpret */ = {
			isa = PBXGroup;
			children = (
				6EFB5B8A245C659900D9AF67 /* ThirdLibry */,
				6EFB5B6F245C5EA100D9AF67 /* AppDelegate.h */,
				6EFB5B70245C5EA100D9AF67 /* AppDelegate.m */,
				6EFB5B72245C5EA100D9AF67 /* SceneDelegate.h */,
				6EFB5B73245C5EA100D9AF67 /* SceneDelegate.m */,
				6EFB5B75245C5EA100D9AF67 /* ViewController.h */,
				6EFB5B76245C5EA100D9AF67 /* ViewController.m */,
				6EFB5B78245C5EA100D9AF67 /* Main.storyboard */,
				6EFB5B7B245C5EA300D9AF67 /* Assets.xcassets */,
				6EFB5B7D245C5EA300D9AF67 /* LaunchScreen.storyboard */,
				6EFB5B80245C5EA300D9AF67 /* Info.plist */,
				6EFB5B81245C5EA300D9AF67 /* main.m */,
			);
			path = AFNetworkInterpret;
			sourceTree = "<group>";
		};
		6EFB5B8A245C659900D9AF67 /* ThirdLibry */ = {
			isa = PBXGroup;
			children = (
				6E779FDE247E578400C7A2CB /* SDWebImage[5.7.3] */,
			);
			path = ThirdLibry;
			sourceTree = "<group>";
		};
		E6C7954E6D378E373CD1653D /* Pods */ = {
			isa = PBXGroup;
			children = (
				A6DF75631B6E353F6AAEDA4D /* Pods-AFNetworkInterpret.debug.xcconfig */,
				B678537455940609472D4988 /* Pods-AFNetworkInterpret.release.xcconfig */,
			);
			path = Pods;
			sourceTree = "<group>";
		};
/* End PBXGroup section */

/* Begin PBXNativeTarget section */
		6EFB5B6B245C5EA100D9AF67 /* AFNetworkInterpret */ = {
			isa = PBXNativeTarget;
			buildConfigurationList = 6EFB5B85245C5EA300D9AF67 /* Build configuration list for PBXNativeTarget "AFNetworkInterpret" */;
			buildPhases = (
				F189D6C5D0A72AD5AB390011 /* [CP] Check Pods Manifest.lock */,
				6EFB5B68245C5EA100D9AF67 /* Sources */,
				6EFB5B69245C5EA100D9AF67 /* Frameworks */,
				6EFB5B6A245C5EA100D9AF67 /* Resources */,
			);
			buildRules = (
			);
			dependencies = (
			);
			name = AFNetworkInterpret;
			productName = AFNetworkInterpret;
			productReference = 6EFB5B6C245C5EA100D9AF67 /* AFNetworkInterpret.app */;
			productType = "com.apple.product-type.application";
		};
/* End PBXNativeTarget section */

/* Begin PBXProject section */
		6EFB5B64245C5EA100D9AF67 /* Project object */ = {
			isa = PBXProject;
			attributes = {
				LastUpgradeCheck = 1130;
				ORGANIZATIONNAME = HarleyHuang;
				TargetAttributes = {
					6EFB5B6B245C5EA100D9AF67 = {
						CreatedOnToolsVersion = 11.3.1;
					};
				};
			};
			buildConfigurationList = 6EFB5B67245C5EA100D9AF67 /* Build configuration list for PBXProject "AFNetworkInterpret" */;
			compatibilityVersion = "Xcode 9.3";
			developmentRegion = en;
			hasScannedForEncodings = 0;
			knownRegions = (
				en,
				Base,
			);
			mainGroup = 6EFB5B63245C5EA100D9AF67;
			productRefGroup = 6EFB5B6D245C5EA100D9AF67 /* Products */;
			projectDirPath = "";
			projectRoot = "";
			targets = (
				6EFB5B6B245C5EA100D9AF67 /* AFNetworkInterpret */,
			);
		};
/* End PBXProject section */

/* Begin PBXResourcesBuildPhase section */
		6EFB5B6A245C5EA100D9AF67 /* Resources */ = {
			isa = PBXResourcesBuildPhase;
			buildActionMask = 2147483647;
			files = (
				6EFB5B7F245C5EA300D9AF67 /* LaunchScreen.storyboard in Resources */,
				6EFB5B7C245C5EA300D9AF67 /* Assets.xcassets in Resources */,
				6E77A071247E578400C7A2CB /* README.md in Resources */,
				6E77A070247E578400C7A2CB /* LICENSE in Resources */,
				6EFB5B7A245C5EA100D9AF67 /* Main.storyboard in Resources */,
			);
			runOnlyForDeploymentPostprocessing = 0;
		};
/* End PBXResourcesBuildPhase section */

/* Begin PBXShellScriptBuildPhase section */
		F189D6C5D0A72AD5AB390011 /* [CP] Check Pods Manifest.lock */ = {
			isa = PBXShellScriptBuildPhase;
			buildActionMask = 2147483647;
			files = (
			);
			inputFileListPaths = (
			);
			inputPaths = (
				"${PODS_PODFILE_DIR_PATH}/Podfile.lock",
				"${PODS_ROOT}/Manifest.lock",
			);
			name = "[CP] Check Pods Manifest.lock";
			outputFileListPaths = (
			);
			outputPaths = (
				"$(DERIVED_FILE_DIR)/Pods-AFNetworkInterpret-checkManifestLockResult.txt",
			);
			runOnlyForDeploymentPostprocessing = 0;
			shellPath = /bin/sh;
			shellScript = "diff \"${PODS_PODFILE_DIR_PATH}/Podfile.lock\" \"${PODS_ROOT}/Manifest.lock\" > /dev/null\nif [ $? != 0 ] ; then\n    # print error to STDERR\n    echo \"error: The sandbox is not in sync with the Podfile.lock. Run 'pod install' or update your CocoaPods installation.\" >&2\n    exit 1\nfi\n# This output is used by Xcode 'outputs' to avoid re-running this script phase.\necho \"SUCCESS\" > \"${SCRIPT_OUTPUT_FILE_0}\"\n";
			showEnvVarsInLog = 0;
		};
/* End PBXShellScriptBuildPhase section */

/* Begin PBXSourcesBuildPhase section */
		6EFB5B68245C5EA100D9AF67 /* Sources */ = {
			isa = PBXSourcesBuildPhase;
			buildActionMask = 2147483647;
			files = (
				6E77A075247E578400C7A2CB /* SDImageCoder.m in Sources */,
				6EFB5B77245C5EA100D9AF67 /* ViewController.m in Sources */,
				6EFB5B71245C5EA100D9AF67 /* AppDelegate.m in Sources */,
				6E77A092247E578400C7A2CB /* UIImage+ExtendedCacheData.m in Sources */,
				6E77A080247E578400C7A2CB /* SDImageLoader.m in Sources */,
				6E77A088247E578400C7A2CB /* SDWebImageCompat.m in Sources */,
				6E77A087247E578400C7A2CB /* SDMemoryCache.m in Sources */,
				6E77A0AB247E578400C7A2CB /* SDImageCachesManagerOperation.m in Sources */,
				6E77A089247E578400C7A2CB /* SDImageAPNGCoder.m in Sources */,
				6E77A074247E578400C7A2CB /* SDAnimatedImageView+WebCache.m in Sources */,
				6E77A07B247E578400C7A2CB /* SDAnimatedImageView.m in Sources */,
				6E77A094247E578400C7A2CB /* SDImageCache.m in Sources */,
				6E77A085247E578400C7A2CB /* SDImageCodersManager.m in Sources */,
				6E77A072247E578400C7A2CB /* SDImageHEICCoder.m in Sources */,
				6E77A07A247E578400C7A2CB /* SDAnimatedImage.m in Sources */,
				6E77A09B247E578400C7A2CB /* SDImageTransformer.m in Sources */,
				6E77A083247E578400C7A2CB /* SDGraphicsImageRenderer.m in Sources */,
				6E77A081247E578400C7A2CB /* SDWebImageCacheSerializer.m in Sources */,
				6E77A076247E578400C7A2CB /* SDWebImageDownloaderDecryptor.m in Sources */,
				6E77A079247E578400C7A2CB /* UIImageView+HighlightedWebCache.m in Sources */,
				6E77A0A2247E578400C7A2CB /* SDWebImageCacheKeyFilter.m in Sources */,
				6E77A0A8247E578400C7A2CB /* UIButton+WebCache.m in Sources */,
				6E77A097247E578400C7A2CB /* SDWebImageDownloaderOperation.m in Sources */,
				6E77A08A247E578400C7A2CB /* SDWebImageDownloaderResponseModifier.m in Sources */,
				6E77A0A3247E578400C7A2CB /* SDWebImageDefine.m in Sources */,
				6EFB5B82245C5EA300D9AF67 /* main.m in Sources */,
				6E77A0A7247E578400C7A2CB /* UIImage+Metadata.m in Sources */,
				6E77A0A4247E578400C7A2CB /* SDWebImageOptionsProcessor.m in Sources */,
				6E77A09F247E578400C7A2CB /* SDImageCacheDefine.m in Sources */,
				6E77A099247E578400C7A2CB /* SDImageCachesManager.m in Sources */,
				6E77A0AF247E578400C7A2CB /* SDInternalMacros.m in Sources */,
				6E77A09A247E578400C7A2CB /* SDWebImageTransition.m in Sources */,
				6E77A0B1247E578400C7A2CB /* NSBezierPath+SDRoundedCorners.m in Sources */,
				6E77A090247E578400C7A2CB /* SDDiskCache.m in Sources */,
				6E77A0A6247E578400C7A2CB /* UIView+WebCache.m in Sources */,
				6E77A08B247E578400C7A2CB /* SDWebImageError.m in Sources */,
				6E77A09D247E578400C7A2CB /* UIImageView+WebCache.m in Sources */,
				6E77A08E247E578400C7A2CB /* NSButton+WebCache.m in Sources */,
				6E77A082247E578400C7A2CB /* SDWebImageIndicator.m in Sources */,
				6E77A096247E578400C7A2CB /* SDImageFrame.m in Sources */,
				6E77A07F247E578400C7A2CB /* SDWebImageDownloader.m in Sources */,
				6E77A0AC247E578400C7A2CB /* SDImageAssetManager.m in Sources */,
				6E77A0AE247E578400C7A2CB /* SDWeakProxy.m in Sources */,
				6E77A095247E578400C7A2CB /* SDImageGIFCoder.m in Sources */,
				6E77A084247E578400C7A2CB /* UIImage+GIF.m in Sources */,
				6E77A098247E578400C7A2CB /* SDImageLoadersManager.m in Sources */,
				6E77A08D247E578400C7A2CB /* SDImageCoderHelper.m in Sources */,
				6E77A077247E578400C7A2CB /* SDWebImageManager.m in Sources */,
				6E77A0A9247E578400C7A2CB /* SDWebImageDownloaderRequestModifier.m in Sources */,
				6E77A078247E578400C7A2CB /* SDImageIOAnimatedCoder.m in Sources */,
				6E77A08F247E578400C7A2CB /* SDImageIOCoder.m in Sources */,
				6E77A08C247E578400C7A2CB /* SDWebImagePrefetcher.m in Sources */,
				6E77A09C247E578400C7A2CB /* NSData+ImageContentType.m in Sources */,
				6E77A0AD247E578400C7A2CB /* SDDeviceHelper.m in Sources */,
				6E77A093247E578400C7A2CB /* SDWebImageDownloaderConfig.m in Sources */,
				6E77A09E247E578400C7A2CB /* SDImageGraphics.m in Sources */,
				6E77A07D247E578400C7A2CB /* SDAnimatedImagePlayer.m in Sources */,
				6E77A07E247E578400C7A2CB /* UIImage+Transform.m in Sources */,
				6E77A091247E578400C7A2CB /* SDAnimatedImageRep.m in Sources */,
				6EFB5B74245C5EA100D9AF67 /* SceneDelegate.m in Sources */,
				6E77A0B0247E578400C7A2CB /* SDFileAttributeHelper.m in Sources */,
				6E77A0B4247E578400C7A2CB /* SDAssociatedObject.m in Sources */,
				6E77A0AA247E578400C7A2CB /* UIColor+SDHexString.m in Sources */,
				6E77A086247E578400C7A2CB /* UIImage+MultiFormat.m in Sources */,
				6E77A0A0247E578400C7A2CB /* UIImage+MemoryCacheCost.m in Sources */,
				6E77A0A5247E578400C7A2CB /* UIView+WebCacheOperation.m in Sources */,
				6E77A07C247E578400C7A2CB /* UIImage+ForceDecode.m in Sources */,
				6E77A073247E578400C7A2CB /* NSImage+Compatibility.m in Sources */,
				6E77A0B2247E578400C7A2CB /* SDDisplayLink.m in Sources */,
				6E77A0A1247E578400C7A2CB /* SDImageCacheConfig.m in Sources */,
				6E77A0B3247E578400C7A2CB /* SDAsyncBlockOperation.m in Sources */,
			);
			runOnlyForDeploymentPostprocessing = 0;
		};
/* End PBXSourcesBuildPhase section */

/* Begin PBXVariantGroup section */
		6EFB5B78245C5EA100D9AF67 /* Main.storyboard */ = {
			isa = PBXVariantGroup;
			children = (
				6EFB5B79245C5EA100D9AF67 /* Base */,
			);
			name = Main.storyboard;
			sourceTree = "<group>";
		};
		6EFB5B7D245C5EA300D9AF67 /* LaunchScreen.storyboard */ = {
			isa = PBXVariantGroup;
			children = (
				6EFB5B7E245C5EA300D9AF67 /* Base */,
			);
			name = LaunchScreen.storyboard;
			sourceTree = "<group>";
		};
/* End PBXVariantGroup section */

/* Begin XCBuildConfiguration section */
		6EFB5B83245C5EA300D9AF67 /* Debug */ = {
			isa = XCBuildConfiguration;
			buildSettings = {
				ALWAYS_SEARCH_USER_PATHS = NO;
				CLANG_ANALYZER_NONNULL = YES;
				CLANG_ANALYZER_NUMBER_OBJECT_CONVERSION = YES_AGGRESSIVE;
				CLANG_CXX_LANGUAGE_STANDARD = "gnu++14";
				CLANG_CXX_LIBRARY = "libc++";
				CLANG_ENABLE_MODULES = YES;
				CLANG_ENABLE_OBJC_ARC = YES;
				CLANG_ENABLE_OBJC_WEAK = YES;
				CLANG_WARN_BLOCK_CAPTURE_AUTORELEASING = YES;
				CLANG_WARN_BOOL_CONVERSION = YES;
				CLANG_WARN_COMMA = YES;
				CLANG_WARN_CONSTANT_CONVERSION = YES;
				CLANG_WARN_DEPRECATED_OBJC_IMPLEMENTATIONS = YES;
				CLANG_WARN_DIRECT_OBJC_ISA_USAGE = YES_ERROR;
				CLANG_WARN_DOCUMENTATION_COMMENTS = YES;
				CLANG_WARN_EMPTY_BODY = YES;
				CLANG_WARN_ENUM_CONVERSION = YES;
				CLANG_WARN_INFINITE_RECURSION = YES;
				CLANG_WARN_INT_CONVERSION = YES;
				CLANG_WARN_NON_LITERAL_NULL_CONVERSION = YES;
				CLANG_WARN_OBJC_IMPLICIT_RETAIN_SELF = YES;
				CLANG_WARN_OBJC_LITERAL_CONVERSION = YES;
				CLANG_WARN_OBJC_ROOT_CLASS = YES_ERROR;
				CLANG_WARN_RANGE_LOOP_ANALYSIS = YES;
				CLANG_WARN_STRICT_PROTOTYPES = YES;
				CLANG_WARN_SUSPICIOUS_MOVE = YES;
				CLANG_WARN_UNGUARDED_AVAILABILITY = YES_AGGRESSIVE;
				CLANG_WARN_UNREACHABLE_CODE = YES;
				CLANG_WARN__DUPLICATE_METHOD_MATCH = YES;
				COPY_PHASE_STRIP = NO;
				DEBUG_INFORMATION_FORMAT = dwarf;
				ENABLE_STRICT_OBJC_MSGSEND = YES;
				ENABLE_TESTABILITY = YES;
				GCC_C_LANGUAGE_STANDARD = gnu11;
				GCC_DYNAMIC_NO_PIC = NO;
				GCC_NO_COMMON_BLOCKS = YES;
				GCC_OPTIMIZATION_LEVEL = 0;
				GCC_PREPROCESSOR_DEFINITIONS = (
					"DEBUG=1",
					"$(inherited)",
				);
				GCC_WARN_64_TO_32_BIT_CONVERSION = YES;
				GCC_WARN_ABOUT_RETURN_TYPE = YES_ERROR;
				GCC_WARN_UNDECLARED_SELECTOR = YES;
				GCC_WARN_UNINITIALIZED_AUTOS = YES_AGGRESSIVE;
				GCC_WARN_UNUSED_FUNCTION = YES;
				GCC_WARN_UNUSED_VARIABLE = YES;
				IPHONEOS_DEPLOYMENT_TARGET = 13.2;
				MTL_ENABLE_DEBUG_INFO = INCLUDE_SOURCE;
				MTL_FAST_MATH = YES;
				ONLY_ACTIVE_ARCH = YES;
				SDKROOT = iphoneos;
			};
			name = Debug;
		};
		6EFB5B84245C5EA300D9AF67 /* Release */ = {
			isa = XCBuildConfiguration;
			buildSettings = {
				ALWAYS_SEARCH_USER_PATHS = NO;
				CLANG_ANALYZER_NONNULL = YES;
				CLANG_ANALYZER_NUMBER_OBJECT_CONVERSION = YES_AGGRESSIVE;
				CLANG_CXX_LANGUAGE_STANDARD = "gnu++14";
				CLANG_CXX_LIBRARY = "libc++";
				CLANG_ENABLE_MODULES = YES;
				CLANG_ENABLE_OBJC_ARC = YES;
				CLANG_ENABLE_OBJC_WEAK = YES;
				CLANG_WARN_BLOCK_CAPTURE_AUTORELEASING = YES;
				CLANG_WARN_BOOL_CONVERSION = YES;
				CLANG_WARN_COMMA = YES;
				CLANG_WARN_CONSTANT_CONVERSION = YES;
				CLANG_WARN_DEPRECATED_OBJC_IMPLEMENTATIONS = YES;
				CLANG_WARN_DIRECT_OBJC_ISA_USAGE = YES_ERROR;
				CLANG_WARN_DOCUMENTATION_COMMENTS = YES;
				CLANG_WARN_EMPTY_BODY = YES;
				CLANG_WARN_ENUM_CONVERSION = YES;
				CLANG_WARN_INFINITE_RECURSION = YES;
				CLANG_WARN_INT_CONVERSION = YES;
				CLANG_WARN_NON_LITERAL_NULL_CONVERSION = YES;
				CLANG_WARN_OBJC_IMPLICIT_RETAIN_SELF = YES;
				CLANG_WARN_OBJC_LITERAL_CONVERSION = YES;
				CLANG_WARN_OBJC_ROOT_CLASS = YES_ERROR;
				CLANG_WARN_RANGE_LOOP_ANALYSIS = YES;
				CLANG_WARN_STRICT_PROTOTYPES = YES;
				CLANG_WARN_SUSPICIOUS_MOVE = YES;
				CLANG_WARN_UNGUARDED_AVAILABILITY = YES_AGGRESSIVE;
				CLANG_WARN_UNREACHABLE_CODE = YES;
				CLANG_WARN__DUPLICATE_METHOD_MATCH = YES;
				COPY_PHASE_STRIP = NO;
				DEBUG_INFORMATION_FORMAT = "dwarf-with-dsym";
				ENABLE_NS_ASSERTIONS = NO;
				ENABLE_STRICT_OBJC_MSGSEND = YES;
				GCC_C_LANGUAGE_STANDARD = gnu11;
				GCC_NO_COMMON_BLOCKS = YES;
				GCC_WARN_64_TO_32_BIT_CONVERSION = YES;
				GCC_WARN_ABOUT_RETURN_TYPE = YES_ERROR;
				GCC_WARN_UNDECLARED_SELECTOR = YES;
				GCC_WARN_UNINITIALIZED_AUTOS = YES_AGGRESSIVE;
				GCC_WARN_UNUSED_FUNCTION = YES;
				GCC_WARN_UNUSED_VARIABLE = YES;
				IPHONEOS_DEPLOYMENT_TARGET = 13.2;
				MTL_ENABLE_DEBUG_INFO = NO;
				MTL_FAST_MATH = YES;
				SDKROOT = iphoneos;
				VALIDATE_PRODUCT = YES;
			};
			name = Release;
		};
		6EFB5B86245C5EA300D9AF67 /* Debug */ = {
			isa = XCBuildConfiguration;
			baseConfigurationReference = A6DF75631B6E353F6AAEDA4D /* Pods-AFNetworkInterpret.debug.xcconfig */;
			buildSettings = {
				ASSETCATALOG_COMPILER_APPICON_NAME = AppIcon;
				CODE_SIGN_STYLE = Automatic;
				INFOPLIST_FILE = AFNetworkInterpret/Info.plist;
				LD_RUNPATH_SEARCH_PATHS = (
					"$(inherited)",
					"@executable_path/Frameworks",
				);
				PRODUCT_BUNDLE_IDENTIFIER = HarleyHuang.AFNetworkInterpret;
				PRODUCT_NAME = "$(TARGET_NAME)";
				TARGETED_DEVICE_FAMILY = "1,2";
			};
			name = Debug;
		};
		6EFB5B87245C5EA300D9AF67 /* Release */ = {
			isa = XCBuildConfiguration;
			baseConfigurationReference = B678537455940609472D4988 /* Pods-AFNetworkInterpret.release.xcconfig */;
			buildSettings = {
				ASSETCATALOG_COMPILER_APPICON_NAME = AppIcon;
				CODE_SIGN_STYLE = Automatic;
				INFOPLIST_FILE = AFNetworkInterpret/Info.plist;
				LD_RUNPATH_SEARCH_PATHS = (
					"$(inherited)",
					"@executable_path/Frameworks",
				);
				PRODUCT_BUNDLE_IDENTIFIER = HarleyHuang.AFNetworkInterpret;
				PRODUCT_NAME = "$(TARGET_NAME)";
				TARGETED_DEVICE_FAMILY = "1,2";
			};
			name = Release;
		};
/* End XCBuildConfiguration section */

/* Begin XCConfigurationList section */
		6EFB5B67245C5EA100D9AF67 /* Build configuration list for PBXProject "AFNetworkInterpret" */ = {
			isa = XCConfigurationList;
			buildConfigurations = (
				6EFB5B83245C5EA300D9AF67 /* Debug */,
				6EFB5B84245C5EA300D9AF67 /* Release */,
			);
			defaultConfigurationIsVisible = 0;
			defaultConfigurationName = Release;
		};
		6EFB5B85245C5EA300D9AF67 /* Build configuration list for PBXNativeTarget "AFNetworkInterpret" */ = {
			isa = XCConfigurationList;
			buildConfigurations = (
				6EFB5B86245C5EA300D9AF67 /* Debug */,
				6EFB5B87245C5EA300D9AF67 /* Release */,
			);
			defaultConfigurationIsVisible = 0;
			defaultConfigurationName = Release;
		};
/* End XCConfigurationList section */
	};
	rootObject = 6EFB5B64245C5EA100D9AF67 /* Project object */;
}
